
Microsoft Visual Studio Solution File, Format Version 12.00
# Visual Studio Version 17
VisualStudioVersion = 17.9.34728.123
MinimumVisualStudioVersion = 10.0.40219.1
Project("{FAE04EC0-301F-11D3-BF4B-00C04F79EFBC}") = "StoreManagement", "StoreManagement\StoreManagement.csproj", "{EDCEAE2B-2E07-4CC6-BDD6-0003EF1542EE}"
EndProject
Global
	GlobalSection(SolutionConfigurationPlatforms) = preSolution
		Debug|Any CPU = Debug|Any CPU
		Release|Any CPU = Release|Any CPU
	EndGlobalSection
	GlobalSection(ProjectConfigurationPlatforms) = postSolution
		{EDCEAE2B-2E07-4CC6-BDD6-0003EF1542EE}.Debug|Any CPU.ActiveCfg = Debug|Any CPU
		{EDCEAE2B-2E07-4CC6-BDD6-0003EF1542EE}.Debug|Any CPU.Build.0 = Debug|Any CPU
		{EDCEAE2B-2E07-4CC6-BDD6-0003EF1542EE}.Release|Any CPU.ActiveCfg = Release|Any CPU
		{EDCEAE2B-2E07-4CC6-BDD6-0003EF1542EE}.Release|Any CPU.Build.0 = Release|Any CPU
	EndGlobalSection
	GlobalSection(SolutionProperties) = preSolution
		HideSolutionNode = FALSE
	EndGlobalSection
	GlobalSection(ExtensibilityGlobals) = postSolution
		SolutionGuid = {1FCB0A95-D34F-4F23-8980-E45978EEE33B}
	EndGlobalSection
EndGlobal
